
Microsoft Visual Studio Solution File, Format Version 12.00
# Visual Studio Version 16
VisualStudioVersion = 16.0.29519.181
MinimumVisualStudioVersion = 10.0.40219.1
Project("{FAE04EC0-301F-11D3-BF4B-00C04F79EFBC}") = "Prey-predator", "Prey-predator\Prey-predator.csproj", "{F0B52AA8-F5E0-4789-86E9-4D1F0CC6CC55}"
EndProject
Global
	GlobalSection(SolutionConfigurationPlatforms) = preSolution
		Debug|Any CPU = Debug|Any CPU
		Release|Any CPU = Release|Any CPU
	EndGlobalSection
	GlobalSection(ProjectConfigurationPlatforms) = postSolution
		{F0B52AA8-F5E0-4789-86E9-4D1F0CC6CC55}.Debug|Any CPU.ActiveCfg = Debug|Any CPU
		{F0B52AA8-F5E0-4789-86E9-4D1F0CC6CC55}.Debug|Any CPU.Build.0 = Debug|Any CPU
		{F0B52AA8-F5E0-4789-86E9-4D1F0CC6CC55}.Release|Any CPU.ActiveCfg = Release|Any CPU
		{F0B52AA8-F5E0-4789-86E9-4D1F0CC6CC55}.Release|Any CPU.Build.0 = Release|Any CPU
	EndGlobalSection
	GlobalSection(SolutionProperties) = preSolution
		HideSolutionNode = FALSE
	EndGlobalSection
	GlobalSection(ExtensibilityGlobals) = postSolution
		SolutionGuid = {87DF8A5E-7767-48E8-87FA-1F22F78CC3AA}
	EndGlobalSection
EndGlobal
