
Microsoft Visual Studio Solution File, Format Version 12.00
# Visual Studio Version 16
VisualStudioVersion = 16.0.29519.181
MinimumVisualStudioVersion = 10.0.40219.1
Project("{FAE04EC0-301F-11D3-BF4B-00C04F79EFBC}") = "Monument_to_the_Conquerors_of_Space", "Monument_to_the_Conquerors_of_Space\Monument_to_the_Conquerors_of_Space.csproj", "{5BFB874C-DE43-49EB-81C7-FF2ACFA425A6}"
EndProject
Global
	GlobalSection(SolutionConfigurationPlatforms) = preSolution
		Debug|Any CPU = Debug|Any CPU
		Release|Any CPU = Release|Any CPU
	EndGlobalSection
	GlobalSection(ProjectConfigurationPlatforms) = postSolution
		{5BFB874C-DE43-49EB-81C7-FF2ACFA425A6}.Debug|Any CPU.ActiveCfg = Debug|Any CPU
		{5BFB874C-DE43-49EB-81C7-FF2ACFA425A6}.Debug|Any CPU.Build.0 = Debug|Any CPU
		{5BFB874C-DE43-49EB-81C7-FF2ACFA425A6}.Release|Any CPU.ActiveCfg = Release|Any CPU
		{5BFB874C-DE43-49EB-81C7-FF2ACFA425A6}.Release|Any CPU.Build.0 = Release|Any CPU
	EndGlobalSection
	GlobalSection(SolutionProperties) = preSolution
		HideSolutionNode = FALSE
	EndGlobalSection
	GlobalSection(ExtensibilityGlobals) = postSolution
		SolutionGuid = {D808E91E-DAB3-4231-B8C5-6A1F306A3470}
	EndGlobalSection
EndGlobal
